
Microsoft Visual Studio Solution File, Format Version 12.00
# Visual Studio Version 17
VisualStudioVersion = 17.1.32421.90
MinimumVisualStudioVersion = 10.0.40219.1
Project("{9A19103F-16F7-4668-BE54-9A1E7A4F7556}") = "SlotMachine", "SlotMachine\SlotMachine.csproj", "{27F5494F-ED68-4520-882C-442CB3F54D8A}"
EndProject
Project("{FAE04EC0-301F-11D3-BF4B-00C04F79EFBC}") = "SlotMachine.Utility", "SlotMachine.Utility\SlotMachine.Utility.csproj", "{EDA61F85-0A41-4FF7-A4B5-D74BBB214BEC}"
EndProject
Global
	GlobalSection(SolutionConfigurationPlatforms) = preSolution
		Debug|Any CPU = Debug|Any CPU
		Release|Any CPU = Release|Any CPU
	EndGlobalSection
	GlobalSection(ProjectConfigurationPlatforms) = postSolution
		{27F5494F-ED68-4520-882C-442CB3F54D8A}.Debug|Any CPU.ActiveCfg = Debug|Any CPU
		{27F5494F-ED68-4520-882C-442CB3F54D8A}.Debug|Any CPU.Build.0 = Debug|Any CPU
		{27F5494F-ED68-4520-882C-442CB3F54D8A}.Release|Any CPU.ActiveCfg = Release|Any CPU
		{27F5494F-ED68-4520-882C-442CB3F54D8A}.Release|Any CPU.Build.0 = Release|Any CPU
		{EDA61F85-0A41-4FF7-A4B5-D74BBB214BEC}.Debug|Any CPU.ActiveCfg = Debug|Any CPU
		{EDA61F85-0A41-4FF7-A4B5-D74BBB214BEC}.Debug|Any CPU.Build.0 = Debug|Any CPU
		{EDA61F85-0A41-4FF7-A4B5-D74BBB214BEC}.Release|Any CPU.ActiveCfg = Release|Any CPU
		{EDA61F85-0A41-4FF7-A4B5-D74BBB214BEC}.Release|Any CPU.Build.0 = Release|Any CPU
	EndGlobalSection
	GlobalSection(SolutionProperties) = preSolution
		HideSolutionNode = FALSE
	EndGlobalSection
	GlobalSection(ExtensibilityGlobals) = postSolution
		SolutionGuid = {79F887D4-09C1-4C5C-A579-C9409782AA9A}
	EndGlobalSection
EndGlobal
